# Generated by conda-lock.
# platform: linux-64
# input_hash: dae7d885fc2267e90a363404c9709ebf6b86a8a5b33d22a7e640fcf72f35158a
@EXPLICIT
https://conda.anaconda.org/conda-forge/linux-64/_libgcc_mutex-0.1-conda_forge.tar.bz2#d7c89558ba9fa0495403155b64376d81
https://conda.anaconda.org/conda-forge/linux-64/ca-certificates-2023.7.22-hbcca054_0.conda#a73ecd2988327ad4c8f2c331482917f2
https://conda.anaconda.org/nvidia/linux-64/cuda-cudart-11.8.89-0.tar.bz2#b68c7ef3eda01e95d5903fb508c5e440
https://conda.anaconda.org/nvidia/linux-64/cuda-cupti-11.8.87-0.tar.bz2#2f4b4933285400137cf029fef9a7daa6
https://conda.anaconda.org/nvidia/linux-64/cuda-nvrtc-11.8.89-0.tar.bz2#f4af75ee32661708c979630cdb8f4987
https://conda.anaconda.org/nvidia/linux-64/cuda-nvtx-11.8.86-0.tar.bz2#1825ffc3feb608f2752073935e90bb49
https://conda.anaconda.org/conda-forge/linux-64/ld_impl_linux-64-2.40-h41732ed_0.conda#7aca3059a1729aa76c597603f10b0dd3
https://conda.anaconda.org/nvidia/linux-64/libcublas-11.11.3.6-0.tar.bz2#7700a48c99151d2b77e7838aa0852da9
https://conda.anaconda.org/nvidia/linux-64/libcufft-10.9.0.58-0.tar.bz2#dbb21687334ce5f8e6a233cb18ee406b
https://conda.anaconda.org/nvidia/linux-64/libcufile-1.7.2.10-0.tar.bz2#a7c44c7a4936461c6c2b1a36f4b72a3d
https://conda.anaconda.org/nvidia/linux-64/libcurand-10.3.3.141-0.tar.bz2#9c89dda57ceac510ab665946cd778d5b
https://conda.anaconda.org/nvidia/linux-64/libcusolver-11.4.1.48-0.tar.bz2#a497123295be4e0bd221da5bf215f8b8
https://conda.anaconda.org/nvidia/linux-64/libcusparse-11.7.5.86-0.tar.bz2#853c37fabd07b5b91d3007afc82c3ed4
https://conda.anaconda.org/conda-forge/linux-64/libgfortran5-13.1.0-h15d22d2_0.conda#afb656a334c409dd9805508af1c89c7a
https://conda.anaconda.org/nvidia/linux-64/libnpp-11.8.0.86-0.tar.bz2#03822c4b5dae5988ba9dcb7eae837345
https://conda.anaconda.org/nvidia/linux-64/libnvjpeg-11.9.0.86-0.tar.bz2#e42d6f0f20feb0cba0165d5cae33362f
https://conda.anaconda.org/conda-forge/linux-64/libstdcxx-ng-13.1.0-hfd8a6a1_0.conda#067bcc23164642f4c226da631f2a2e1d
https://conda.anaconda.org/conda-forge/linux-64/mkl-include-2022.1.0-h84fe81f_915.tar.bz2#2dcd1acca05c11410d4494d7fc7dfa2a
https://conda.anaconda.org/conda-forge/linux-64/python_abi-3.10-3_cp310.conda#4eb33d14d794b0f4be116443ffed3853
https://conda.anaconda.org/pytorch/noarch/pytorch-mutex-1.0-cuda.tar.bz2#a948316e36fb5b11223b3fcfa93f8358
https://conda.anaconda.org/conda-forge/noarch/tzdata-2023c-h71feb2d_0.conda#939e3e74d8be4dac89ce83b20de2492a
https://conda.anaconda.org/nvidia/linux-64/cuda-libraries-11.8.0-0.tar.bz2#3a43d100104e52ac8209a834c82ab231
https://conda.anaconda.org/conda-forge/linux-64/libgfortran-ng-13.1.0-h69a702a_0.conda#506dc07710dd5b0ba63cbf134897fc10
https://conda.anaconda.org/nvidia/linux-64/cuda-runtime-11.8.0-0.tar.bz2#3ca379d762f8d7bd727df9e2c9b30664
https://conda.anaconda.org/pytorch/linux-64/pytorch-cuda-11.8-h7e8668a_5.tar.bz2#48e990086eb245cce92f09b45a34651e
https://conda.anaconda.org/conda-forge/linux-64/_openmp_mutex-4.5-2_kmp_llvm.tar.bz2#562b26ba2e19059551a811e72ab7f793
https://conda.anaconda.org/conda-forge/linux-64/libgcc-ng-13.1.0-he5830b7_0.conda#cd93f779ff018dd85c7544c015c9db3c
https://conda.anaconda.org/conda-forge/linux-64/bzip2-1.0.8-h7f98852_4.tar.bz2#a1fd65c7ccbf10880423d82bca54eb54
https://conda.anaconda.org/nvidia/linux-64/cudatoolkit-11.7.0-hd8887f6_10.tar.bz2#fa317a2c53e40808fbeeeb2800519616
https://conda.anaconda.org/conda-forge/linux-64/gmp-6.2.1-h58526e2_0.tar.bz2#b94cf2db16066b242ebd26db2facbd56
https://conda.anaconda.org/conda-forge/linux-64/icu-73.2-h59595ed_0.conda#cc47e1facc155f91abd89b11e48e72ff
https://conda.anaconda.org/conda-forge/linux-64/libffi-3.4.2-h7f98852_5.tar.bz2#d645c6d2ac96843a2bfaccd2d62b3ac3
https://conda.anaconda.org/conda-forge/linux-64/libiconv-1.17-h166bdaf_0.tar.bz2#b62b52da46c39ee2bc3c162ac7f1804d
https://conda.anaconda.org/conda-forge/linux-64/libnsl-2.0.0-h7f98852_0.tar.bz2#39b1328babf85c7c3a61636d9cd50206
https://conda.anaconda.org/conda-forge/linux-64/libuuid-2.38.1-h0b41bf4_0.conda#40b61aab5c7ba9ff276c41cfffe6b80b
https://conda.anaconda.org/conda-forge/linux-64/libzlib-1.2.13-hd590300_5.conda#f36c115f1ee199da648e0597ec2047ad
https://conda.anaconda.org/conda-forge/linux-64/ncurses-6.4-hcb278e6_0.conda#681105bccc2a3f7f1a837d47d39c9179
https://conda.anaconda.org/conda-forge/linux-64/openssl-3.1.2-hd590300_0.conda#e5ac5227582d6c83ccf247288c0eb095
https://conda.anaconda.org/conda-forge/linux-64/xz-5.2.6-h166bdaf_0.tar.bz2#2161070d867d1b1204ea749c8eec4ef0
https://conda.anaconda.org/conda-forge/linux-64/libsqlite-3.43.0-h2797004_0.conda#903fa782a9067d5934210df6d79220f6
https://conda.anaconda.org/conda-forge/linux-64/libxml2-2.11.5-h232c23b_1.conda#f3858448893839820d4bcfb14ad3ecdf
https://conda.anaconda.org/conda-forge/linux-64/mpfr-4.2.0-hb012696_0.conda#14d87bdff2cbd3b1179a29fb316ed743
https://conda.anaconda.org/conda-forge/linux-64/readline-8.2-h8228510_1.conda#47d31b792659ce70f470b5c82fdfb7a4
https://conda.anaconda.org/conda-forge/linux-64/tk-8.6.12-h27826a3_0.tar.bz2#5b8c42eb62e9fc961af70bdd6a26e168
https://conda.anaconda.org/conda-forge/linux-64/zstd-1.5.5-hfc55251_0.conda#04b88013080254850d6c01ed54810589
https://conda.anaconda.org/conda-forge/linux-64/libhwloc-2.9.2-default_h554bfaf_1009.conda#9369f407667517fe52b0e8ed6965ffeb
https://conda.anaconda.org/conda-forge/linux-64/llvm-openmp-16.0.6-h4dfa4b3_0.conda#b096c85c415519259e731d8fb719a3ef
https://conda.anaconda.org/conda-forge/linux-64/mpc-1.3.1-hfe3b2da_0.conda#289c71e83dc0daa7d4c81f04180778ca
https://conda.anaconda.org/conda-forge/linux-64/python-3.10.12-hd12c33a_0_cpython.conda#eb6f1df105f37daedd6dca78523baa75
https://conda.anaconda.org/conda-forge/noarch/filelock-3.12.3-pyhd8ed1ab_0.conda#3104cf0ab9fb9de393051bf92b10dbe9
https://conda.anaconda.org/conda-forge/linux-64/gmpy2-2.1.2-py310h3ec546c_1.tar.bz2#73f6fa50c32ddd985cf5fba7b890a75c
https://conda.anaconda.org/conda-forge/linux-64/markupsafe-2.1.3-py310h2372a71_0.conda#5597d9f9778af6883ae64f0e7d39416c
https://conda.anaconda.org/conda-forge/noarch/mpmath-1.3.0-pyhd8ed1ab_0.conda#dbf6e2d89137da32fa6670f3bffc024e
https://conda.anaconda.org/conda-forge/noarch/networkx-3.1-pyhd8ed1ab_0.conda#254f787d5068bc89f578bf63893ce8b4
https://conda.anaconda.org/conda-forge/noarch/setuptools-68.1.2-pyhd8ed1ab_0.conda#4fe12573bf499ff85a0a364e00cc5c53
https://conda.anaconda.org/conda-forge/linux-64/tbb-2021.10.0-h00ab1b0_0.conda#9c82b1b389e46b64ec685ec487043e70
https://conda.anaconda.org/conda-forge/noarch/typing_extensions-4.7.1-pyha770c72_0.conda#c39d6a09fe819de4951c2642629d9115
https://conda.anaconda.org/conda-forge/noarch/wheel-0.41.2-pyhd8ed1ab_0.conda#1ccd092478b3e0ee10d7a891adbf8a4f
https://conda.anaconda.org/conda-forge/noarch/jinja2-3.1.2-pyhd8ed1ab_1.tar.bz2#c8490ed5c70966d232fdd389d0dbed37
https://conda.anaconda.org/conda-forge/linux-64/mkl-2022.1.0-h84fe81f_915.tar.bz2#b9c8f925797a93dbff45e1626b025a6b
https://conda.anaconda.org/conda-forge/noarch/pip-23.2.1-pyhd8ed1ab_0.conda#e2783aa3f9235225eec92f9081c5b801
https://conda.anaconda.org/conda-forge/noarch/sympy-1.12-pypyh9d50eac_103.conda#2f7d6347d7acf6edf1ac7f2189f44c8f
https://conda.anaconda.org/conda-forge/linux-64/libblas-3.9.0-16_linux64_mkl.tar.bz2#85f61af03fd291dae33150ffe89dc09a
https://conda.anaconda.org/conda-forge/linux-64/mkl-devel-2022.1.0-ha770c72_916.tar.bz2#69ba49e445f87aea2cba343a71a35ca2
https://conda.anaconda.org/conda-forge/linux-64/libcblas-3.9.0-16_linux64_mkl.tar.bz2#361bf757b95488de76c4f123805742d3
https://conda.anaconda.org/conda-forge/linux-64/liblapack-3.9.0-16_linux64_mkl.tar.bz2#a2f166748917d6d6e4707841ca1f519e
https://conda.anaconda.org/conda-forge/linux-64/liblapacke-3.9.0-16_linux64_mkl.tar.bz2#44ccc4d4dca6a8d57fa17442bc64b5a1
https://conda.anaconda.org/conda-forge/linux-64/blas-devel-3.9.0-16_linux64_mkl.tar.bz2#3f92c1c9e1c0e183462c5071aa02cae1
https://conda.anaconda.org/conda-forge/linux-64/blas-2.116-mkl.tar.bz2#c196a26abf6b4f132c88828ab7c2231c
https://conda.anaconda.org/pytorch/linux-64/pytorch-2.0.1-py3.10_cuda11.8_cudnn8.7.0_0.tar.bz2#e8dd4a234ce193267c4cbc981c042429
https://conda.anaconda.org/pytorch/linux-64/torchtriton-2.0.0-py310.tar.bz2#e34aa90f6d7c20babf28fc9225b2a3eb
# pip attrs @ https://files.pythonhosted.org/packages/f0/eb/fcb708c7bf5056045e9e98f62b93bd7467eb718b0202e7698eb11d66416c/attrs-23.1.0-py3-none-any.whl#sha256=1f28b4522cdc2fb4256ac1a020c78acf9cba2c6b461ccd2c126f3aa8e8335d04
# pip certifi @ https://files.pythonhosted.org/packages/4c/dd/2234eab22353ffc7d94e8d13177aaa050113286e93e7b40eae01fbf7c3d9/certifi-2023.7.22-py3-none-any.whl#sha256=92d6037539857d8206b8f6ae472e8b77db8058fec5937a1ef3f54304089edbb9
# pip charset-normalizer @ https://files.pythonhosted.org/packages/a4/65/057bf29660aae6ade0816457f8db4e749e5c0bfa2366eb5f67db9912fa4c/charset_normalizer-3.2.0-cp310-cp310-manylinux_2_17_x86_64.manylinux2014_x86_64.whl#sha256=193cbc708ea3aca45e7221ae58f0fd63f933753a9bfb498a3b474878f12caaad
# pip crashtest @ https://files.pythonhosted.org/packages/b0/5c/3ba7d12e7a79566f97b8f954400926d7b6eb33bcdccc1315a857f200f1f1/crashtest-0.4.1-py3-none-any.whl#sha256=8d23eac5fa660409f57472e3851dab7ac18aba459a8d19cbbba86d3d5aecd2a5
# pip distlib @ https://files.pythonhosted.org/packages/43/a0/9ba967fdbd55293bacfc1507f58e316f740a3b231fc00e3d86dc39bc185a/distlib-0.3.7-py2.py3-none-any.whl#sha256=2e24928bc811348f0feb63014e97aaae3037f2cf48712d51ae61df7fd6075057
# pip idna @ https://files.pythonhosted.org/packages/fc/34/3030de6f1370931b9dbb4dad48f6ab1015ab1d32447850b9fc94e60097be/idna-3.4-py3-none-any.whl#sha256=90b77e79eaa3eba6de819a0c442c0b4ceefc341a7a2ab77d7562bf49f425c5c2
# pip installer @ https://files.pythonhosted.org/packages/e5/ca/1172b6638d52f2d6caa2dd262ec4c811ba59eee96d54a7701930726bce18/installer-0.7.0-py3-none-any.whl#sha256=05d1933f0a5ba7d8d6296bb6d5018e7c94fa473ceb10cf198a92ccea19c27b53
# pip jeepney @ https://files.pythonhosted.org/packages/ae/72/2a1e2290f1ab1e06f71f3d0f1646c9e4634e70e1d37491535e19266e8dc9/jeepney-0.8.0-py3-none-any.whl#sha256=c0a454ad016ca575060802ee4d590dd912e35c122fa04e70306de3d076cce755
# pip more-itertools @ https://files.pythonhosted.org/packages/5a/cb/6dce742ea14e47d6f565589e859ad225f2a5de576d7696e0623b784e226b/more_itertools-10.1.0-py3-none-any.whl#sha256=64e0735fcfdc6f3464ea133afe8ea4483b1c5fe3a3d69852e6503b43a0b222e6
# pip msgpack @ https://files.pythonhosted.org/packages/59/67/f992ada3b42889f1b984e5651d63ea21ca3a92049cff6d75fe0a4a63e422/msgpack-1.0.5-cp310-cp310-manylinux_2_17_x86_64.manylinux2014_x86_64.whl#sha256=e42b9594cc3bf4d838d67d6ed62b9e59e201862a25e9a157019e171fbe672dd3
# pip packaging @ https://files.pythonhosted.org/packages/ab/c3/57f0601a2d4fe15de7a553c00adbc901425661bf048f2a22dfc500caf121/packaging-23.1-py3-none-any.whl#sha256=994793af429502c4ea2ebf6bf664629d07c1a9fe974af92966e4b8d2df7edc61
# pip pkginfo @ https://files.pythonhosted.org/packages/b3/f2/6e95c86a23a30fa205ea6303a524b20cbae27fbee69216377e3d95266406/pkginfo-1.9.6-py3-none-any.whl#sha256=4b7a555a6d5a22169fcc9cf7bfd78d296b0361adad412a346c1226849af5e546
# pip platformdirs @ https://files.pythonhosted.org/packages/14/51/fe5a0d6ea589f0d4a1b97824fb518962ad48b27cd346dcdfa2405187997a/platformdirs-3.10.0-py3-none-any.whl#sha256=d7c24979f292f916dc9cbf8648319032f551ea8c49a4c9bf2fb556a02070ec1d
# pip poetry-core @ https://files.pythonhosted.org/packages/bf/d4/ce72ac247f414d15ff046f0926b76eb42bd743e83c1df28e856f328e3db1/poetry_core-1.7.0-py3-none-any.whl#sha256=38e174cdb00a84ee4a1cab66a378b435747f72414f5573bc18cfc3850a94df38
# pip ptyprocess @ https://files.pythonhosted.org/packages/22/a6/858897256d0deac81a172289110f31629fc4cee19b6f01283303e18c8db3/ptyprocess-0.7.0-py2.py3-none-any.whl#sha256=4b41f3967fce3af57cc7e94b888626c18bf37a083e3651ca8feeb66d492fef35
# pip pycparser @ https://files.pythonhosted.org/packages/62/d5/5f610ebe421e85889f2e55e33b7f9a6795bd982198517d912eb1c76e1a53/pycparser-2.21-py2.py3-none-any.whl#sha256=8ee45429555515e1f6b185e78100aea234072576aa43ab53aefcae078162fca9
# pip pyrsistent @ https://files.pythonhosted.org/packages/64/de/375aa14daaee107f987da76ca32f7a907fea00fa8b8afb67dc09bec0de91/pyrsistent-0.19.3-py3-none-any.whl#sha256=ccf0d6bd208f8111179f0c26fdf84ed7c3891982f2edaeae7422575f47e66b64
# pip rapidfuzz @ https://files.pythonhosted.org/packages/fa/44/da3085398b75432f0b08a3ee1dd1152a67f87efaccef49157b3ef2da3ee1/rapidfuzz-2.15.1-cp310-cp310-manylinux_2_17_x86_64.manylinux2014_x86_64.whl#sha256=6534afc787e32c4104f65cdeb55f6abe4d803a2d0553221d00ef9ce12788dcde
# pip shellingham @ https://files.pythonhosted.org/packages/57/70/0265437683625b2e6491736706d3d679d90e2a26f6bff59f4e46e09872b9/shellingham-1.5.3-py2.py3-none-any.whl#sha256=419c6a164770c9c7cfcaeddfacb3d31ac7a8db0b0f3e9c1287679359734107e9
# pip tomli @ https://files.pythonhosted.org/packages/97/75/10a9ebee3fd790d20926a90a2547f0bf78f371b2f13aa822c759680ca7b9/tomli-2.0.1-py3-none-any.whl#sha256=939de3e7a6161af0c887ef91b7d41a53e7c5a1ca976325f429cb46ea9bc30ecc
# pip tomlkit @ https://files.pythonhosted.org/packages/a0/6d/808775ed618e51edaa7bbe6759e22e1c7eafe359af6e084700c6d39d3455/tomlkit-0.12.1-py3-none-any.whl#sha256=712cbd236609acc6a3e2e97253dfc52d4c2082982a88f61b640ecf0817eab899
# pip trove-classifiers @ https://files.pythonhosted.org/packages/14/c6/35e478a586e857c2a6d31fc7b1586d4ff965f729a290552b5c2eb7b9f807/trove_classifiers-2023.8.7-py3-none-any.whl#sha256=a676626a31286130d56de2ea1232484df97c567eb429d56cfcb0637e681ecf09
# pip urllib3 @ https://files.pythonhosted.org/packages/9b/81/62fd61001fa4b9d0df6e31d47ff49cfa9de4af03adecf339c7bc30656b37/urllib3-2.0.4-py3-none-any.whl#sha256=de7df1803967d2c2a98e4b11bb7d6bd9210474c46e8a0401514e3a42a75ebde4
# pip zipp @ https://files.pythonhosted.org/packages/8c/08/d3006317aefe25ea79d3b76c9650afabaf6d63d1c8443b236e7405447503/zipp-3.16.2-py3-none-any.whl#sha256=679e51dd4403591b2d6838a48de3d283f3d188412a9782faadf845f298736ba0
# pip cffi @ https://files.pythonhosted.org/packages/88/89/c34caf63029fb7628ec2ebd5c88ae0c9bd17db98c812e4065a4d020ca41f/cffi-1.15.1-cp310-cp310-manylinux_2_17_x86_64.manylinux2014_x86_64.whl#sha256=dd86c085fae2efd48ac91dd7ccffcfc0571387fe1193d33b6394db7ef31fe2a4
# pip cleo @ https://files.pythonhosted.org/packages/b1/ae/0329af2a4c22836010c43760233a181a314853a97e0f2b53b02825c4c9b7/cleo-2.0.1-py3-none-any.whl#sha256=6eb133670a3ed1f3b052d53789017b6e50fca66d1287e6e6696285f4cb8ea448
# pip dulwich @ https://files.pythonhosted.org/packages/64/d6/b05d7cc66696fc2f5b6e5498a52f0a048629e3d4711b88ba351ffd4affef/dulwich-0.21.5-cp310-cp310-manylinux_2_17_x86_64.manylinux2014_x86_64.whl#sha256=3e8f6d4f4f4d01dd1d3c968e486d4cd77f96f772da7265941bc506de0944ddb9
# pip importlib-metadata @ https://files.pythonhosted.org/packages/cc/37/db7ba97e676af155f5fcb1a35466f446eadc9104e25b83366e8088c9c926/importlib_metadata-6.8.0-py3-none-any.whl#sha256=3ebb78df84a805d7698245025b975d9d67053cd94c79245ba4b3eb694abe68bb
# pip jaraco.classes @ https://files.pythonhosted.org/packages/c7/6b/1bc8fa93ea85146e08f0e0883bc579b7c7328364ed7df90b1628dcb36e10/jaraco.classes-3.3.0-py3-none-any.whl#sha256=10afa92b6743f25c0cf5f37c6bb6e18e2c5bb84a16527ccfc0040ea377e7aaeb
# pip jsonschema @ https://files.pythonhosted.org/packages/c1/97/c698bd9350f307daad79dd740806e1a59becd693bd11443a0f531e3229b3/jsonschema-4.17.3-py3-none-any.whl#sha256=a870ad254da1a8ca84b6a2905cac29d265f805acc57af304784962a2aa6508f6
# pip pexpect @ https://files.pythonhosted.org/packages/39/7b/88dbb785881c28a102619d46423cb853b46dbccc70d3ac362d99773a78ce/pexpect-4.8.0-py2.py3-none-any.whl#sha256=0b48a55dcb3c05f3329815901ea4fc1537514d6ba867a152b581d69ae3710937
# pip pyproject-hooks @ https://files.pythonhosted.org/packages/d5/ea/9ae603de7fbb3df820b23a70f6aff92bf8c7770043254ad8d2dc9d6bcba4/pyproject_hooks-1.0.0-py3-none-any.whl#sha256=283c11acd6b928d2f6a7c73fa0d01cb2bdc5f07c57a2eeb6e83d5e56b97976f8
# pip requests @ https://files.pythonhosted.org/packages/70/8e/0e2d847013cb52cd35b38c009bb167a1a26b2ce6cd6965bf26b47bc0bf44/requests-2.31.0-py3-none-any.whl#sha256=58cd2187c01e70e6e26505bca751777aa9f2ee0b7f4300988b709f44e013003f
# pip virtualenv @ https://files.pythonhosted.org/packages/48/87/0ff871ebe003075d61e1abeab67c21d50edf44dbfdeabd107bef30a9e027/virtualenv-20.24.4-py3-none-any.whl#sha256=29c70bb9b88510f6414ac3e55c8b413a1f96239b6b789ca123437d5e892190cb
# pip build @ https://files.pythonhosted.org/packages/58/91/17b00d5fac63d3dca605f1b8269ba3c65e98059e1fd99d00283e42a454f0/build-0.10.0-py3-none-any.whl#sha256=af266720050a66c893a6096a2f410989eeac74ff9a68ba194b3f6473e8e26171
# pip cachecontrol @ https://files.pythonhosted.org/packages/1d/e3/a22348e6226dcd585d5a4b5f0175b3a16dabfd3912cbeb02f321d00e56c7/cachecontrol-0.13.1-py3-none-any.whl#sha256=95dedbec849f46dda3137866dc28b9d133fc9af55f5b805ab1291833e4457aa4
# pip cryptography @ https://files.pythonhosted.org/packages/21/74/a7ebb5bcf733b1626e4778941e505792d7f655e799ff3bdbd9a176516ee2/cryptography-41.0.3-cp37-abi3-manylinux_2_17_x86_64.manylinux2014_x86_64.whl#sha256=84537453d57f55a50a5b6835622ee405816999a7113267739a1b4581f83535bd
# pip requests-toolbelt @ https://files.pythonhosted.org/packages/3f/51/d4db610ef29373b879047326cbf6fa98b6c1969d6f6dc423279de2b1be2c/requests_toolbelt-1.0.0-py2.py3-none-any.whl#sha256=cccfdd665f0a24fcf4726e690f65639d272bb0637b9b92dfd91a5568ccf6bd06
# pip secretstorage @ https://files.pythonhosted.org/packages/54/24/b4293291fa1dd830f353d2cb163295742fa87f179fcc8a20a306a81978b7/SecretStorage-3.3.3-py3-none-any.whl#sha256=f356e6628222568e3af06f2eba8df495efa13b3b63081dafd4f7d9a7b7bc9f99
# pip keyring @ https://files.pythonhosted.org/packages/0e/8f/5772801169cf62e8232721034f91f81e33b0cfa6e51d3bf6ff65c503af2a/keyring-24.2.0-py3-none-any.whl#sha256=4901caaf597bfd3bbd78c9a0c7c4c29fcd8310dab2cffefe749e916b6527acd6
# pip poetry @ https://files.pythonhosted.org/packages/7d/25/f3bfda3c458d114005af99441d009936b85a34a730aeb9cf57fb2630d9f7/poetry-1.6.1-py3-none-any.whl#sha256=9b4cb6079c08cc0d91e8cba18a6bd4d4f7d7830263a7fb18ecb3faa77937c988
# pip poetry-plugin-export @ https://files.pythonhosted.org/packages/e9/12/43553a79e1d3bf8de119125dfc3e1fcc8f4258d658b603908d02efaed256/poetry_plugin_export-1.5.0-py3-none-any.whl#sha256=cd8267597970375ca29868daec5e7718bad500c7584663af3eeb0ed16f24e2bd
